{
  "version": 4,
  "terraform_version": "1.14.7",
  "serial": 23,
  "lineage": "c11224ec-ca0b-9ab5-7391-28e0d6637e73",
  "outputs": {},
  "resources": [
    {
      "module": "module.dms",
      "mode": "managed",
      "type": "aws_dms_endpoint",
      "name": "source",
      "provider": "provider[\"registry.terraform.io/hashicorp/aws\"]",
      "instances": [
        {
          "schema_version": 0,
          "attributes": {
            "certificate_arn": "",
            "database_name": "kbeauty",
            "elasticsearch_settings": [],
            "endpoint_arn": "arn:aws:dms:ap-northeast-2:946775837287:endpoint:LSNQN7BVQJBMXG7V5BMU4ODKPA",
            "endpoint_id": "source-mysql-azsis-kbeauty-dr",
            "endpoint_type": "source",
            "engine_name": "mysql",
            "extra_connection_attributes": "",
            "id": "source-mysql-azsis-kbeauty-dr",
            "kafka_settings": [],
            "kinesis_settings": [],
            "kms_key_arn": "arn:aws:kms:ap-northeast-2:946775837287:key/441d0485-e44c-4330-8987-122d2c1cc5ec",
            "mongodb_settings": [],
            "mysql_settings": [
              {
                "after_connect_script": "",
                "authentication_method": "password",
                "clean_source_metadata_on_mismatch": false,
                "events_poll_interval": 0,
                "execute_timeout": 0,
                "max_file_size": 0,
                "parallel_load_threads": 0,
                "server_timezone": "",
                "service_access_role_arn": "",
                "target_db_type": ""
              }
            ],
            "oracle_settings": [],
            "password": "kbeauty123!",
            "pause_replication_tasks": null,
            "port": 3306,
            "postgres_settings": [],
            "redis_settings": [],
            "redshift_settings": [],
            "region": "ap-northeast-2",
            "secrets_manager_access_role_arn": "",
            "secrets_manager_arn": "",
            "server_name": "192.0.2.4",
            "service_access_role": null,
            "ssl_mode": "none",
            "tags": {
              "Name": "source-mysql-azsis-kbeauty-dr"
            },
            "tags_all": {
              "Name": "source-mysql-azsis-kbeauty-dr"
            },
            "timeouts": null,
            "username": "db_user"
          },
          "sensitive_attributes": [
            [
              {
                "type": "get_attr",
                "value": "password"
              }
            ]
          ],
          "identity_schema_version": 0,
          "private": "eyJlMmJmYjczMC1lY2FhLTExZTYtOGY4OC0zNDM2M2JjN2M0YzAiOnsiY3JlYXRlIjozMDAwMDAwMDAwMDAsImRlbGV0ZSI6NjAwMDAwMDAwMDAwfX0="
        }
      ]
    },
    {
      "module": "module.dms",
      "mode": "managed",
      "type": "aws_dms_endpoint",
      "name": "target",
      "provider": "provider[\"registry.terraform.io/hashicorp/aws\"]",
      "instances": [
        {
          "schema_version": 0,
          "attributes": {
            "certificate_arn": "",
            "database_name": "kbeauty",
            "elasticsearch_settings": [],
            "endpoint_arn": "arn:aws:dms:ap-northeast-2:946775837287:endpoint:V2JBQRXEQZAOBJIWGMED53AATQ",
            "endpoint_id": "target-mysql-azsis-kbeauty-dr",
            "endpoint_type": "target",
            "engine_name": "mysql",
            "extra_connection_attributes": "",
            "id": "target-mysql-azsis-kbeauty-dr",
            "kafka_settings": [],
            "kinesis_settings": [],
            "kms_key_arn": "arn:aws:kms:ap-northeast-2:946775837287:key/441d0485-e44c-4330-8987-122d2c1cc5ec",
            "mongodb_settings": [],
            "mysql_settings": [
              {
                "after_connect_script": "",
                "authentication_method": "password",
                "clean_source_metadata_on_mismatch": false,
                "events_poll_interval": 0,
                "execute_timeout": 0,
                "max_file_size": 0,
                "parallel_load_threads": 1,
                "server_timezone": "",
                "service_access_role_arn": "",
                "target_db_type": ""
              }
            ],
            "oracle_settings": [],
            "password": "kbeauty123!",
            "pause_replication_tasks": null,
            "port": 3306,
            "postgres_settings": [],
            "redis_settings": [],
            "redshift_settings": [],
            "region": "ap-northeast-2",
            "secrets_manager_access_role_arn": "",
            "secrets_manager_arn": "",
            "server_name": "mysql-azsis-kbeauty-dr.crone748rvgl.ap-northeast-2.rds.amazonaws.com:3306",
            "service_access_role": null,
            "ssl_mode": "none",
            "tags": {
              "Name": "target-mysql-azsis-kbeauty-dr"
            },
            "tags_all": {
              "Name": "target-mysql-azsis-kbeauty-dr"
            },
            "timeouts": null,
            "username": "azsis"
          },
          "sensitive_attributes": [
            [
              {
                "type": "get_attr",
                "value": "password"
              }
            ]
          ],
          "identity_schema_version": 0,
          "private": "eyJlMmJmYjczMC1lY2FhLTExZTYtOGY4OC0zNDM2M2JjN2M0YzAiOnsiY3JlYXRlIjozMDAwMDAwMDAwMDAsImRlbGV0ZSI6NjAwMDAwMDAwMDAwfX0=",
          "dependencies": [
            "module.network.aws_subnet.rds",
            "module.network.aws_vpc.main",
            "module.rds.aws_db_instance.main",
            "module.rds.aws_db_subnet_group.main",
            "module.security.aws_security_group.dms",
            "module.security.aws_security_group.rds"
          ]
        }
      ]
    },
    {
      "module": "module.dms",
      "mode": "managed",
      "type": "aws_dms_replication_instance",
      "name": "main",
      "provider": "provider[\"registry.terraform.io/hashicorp/aws\"]",
      "instances": [
        {
          "schema_version": 0,
          "attributes": {
            "allocated_storage": 20,
            "allow_major_version_upgrade": null,
            "apply_immediately": null,
            "auto_minor_version_upgrade": false,
            "availability_zone": "ap-northeast-2a",
            "dns_name_servers": "",
            "engine_version": "3.5.4",
            "id": "dms-azsis-kbeauty-dr",
            "kerberos_authentication_settings": [],
            "kms_key_arn": "arn:aws:kms:ap-northeast-2:946775837287:key/441d0485-e44c-4330-8987-122d2c1cc5ec",
            "multi_az": false,
            "network_type": "IPV4",
            "preferred_maintenance_window": "fri:10:36-fri:11:06",
            "publicly_accessible": false,
            "region": "ap-northeast-2",
            "replication_instance_arn": "arn:aws:dms:ap-northeast-2:946775837287:rep:M2BDLSIWGZFT3ELIR6QFGOTXIQ",
            "replication_instance_class": "dms.t3.medium",
            "replication_instance_id": "dms-azsis-kbeauty-dr",
            "replication_instance_private_ips": [
              "192.0.1.204"
            ],
            "replication_instance_public_ips": [],
            "replication_subnet_group_id": "dms-subnetgroup-azsis-kbeauty-dr",
            "tags": {
              "Name": "dms-azsis-kbeauty-dr"
            },
            "tags_all": {
              "Name": "dms-azsis-kbeauty-dr"
            },
            "timeouts": null,
            "vpc_security_group_ids": [
              "sg-0cd613991c4f5a378"
            ]
          },
          "sensitive_attributes": [],
          "identity_schema_version": 0,
          "private": "eyJlMmJmYjczMC1lY2FhLTExZTYtOGY4OC0zNDM2M2JjN2M0YzAiOnsiY3JlYXRlIjoyNDAwMDAwMDAwMDAwLCJkZWxldGUiOjE4MDAwMDAwMDAwMDAsInVwZGF0ZSI6MTgwMDAwMDAwMDAwMH19",
          "dependencies": [
            "module.dms.aws_dms_replication_subnet_group.name",
            "module.network.aws_subnet.eks",
            "module.network.aws_vpc.main",
            "module.security.aws_security_group.dms"
          ]
        }
      ]
    },
    {
      "module": "module.dms",
      "mode": "managed",
      "type": "aws_dms_replication_subnet_group",
      "name": "name",
      "provider": "provider[\"registry.terraform.io/hashicorp/aws\"]",
      "instances": [
        {
          "schema_version": 0,
          "attributes": {
            "id": "dms-subnetgroup-azsis-kbeauty-dr",
            "region": "ap-northeast-2",
            "replication_subnet_group_arn": "arn:aws:dms:ap-northeast-2:946775837287:subgrp:dms-subnetgroup-azsis-kbeauty-dr",
            "replication_subnet_group_description": "DMS subnet group for DR",
            "replication_subnet_group_id": "dms-subnetgroup-azsis-kbeauty-dr",
            "subnet_ids": [
              "subnet-00be4e57452c4a49f",
              "subnet-09e444c9b5746a974"
            ],
            "tags": {
              "Name": "dms-subnetgroup-azsis-kbeauty-dr"
            },
            "tags_all": {
              "Name": "dms-subnetgroup-azsis-kbeauty-dr"
            },
            "vpc_id": "vpc-09ef4d559a1b83d87"
          },
          "sensitive_attributes": [],
          "identity_schema_version": 0,
          "private": "bnVsbA==",
          "dependencies": [
            "module.network.aws_subnet.eks",
            "module.network.aws_vpc.main"
          ]
        }
      ]
    },
    {
      "module": "module.network",
      "mode": "managed",
      "type": "aws_internet_gateway",
      "name": "main",
      "provider": "provider[\"registry.terraform.io/hashicorp/aws\"]",
      "instances": [
        {
          "schema_version": 0,
          "attributes": {
            "arn": "arn:aws:ec2:ap-northeast-2:946775837287:internet-gateway/igw-007c042fc0b5b28be",
            "id": "igw-007c042fc0b5b28be",
            "owner_id": "946775837287",
            "region": "ap-northeast-2",
            "tags": {
              "Name": "igw-azsis-kbeauty-dr"
            },
            "tags_all": {
              "Name": "igw-azsis-kbeauty-dr"
            },
            "timeouts": null,
            "vpc_id": "vpc-09ef4d559a1b83d87"
          },
          "sensitive_attributes": [],
          "identity_schema_version": 0,
          "identity": {
            "account_id": "946775837287",
            "id": "igw-007c042fc0b5b28be",
            "region": "ap-northeast-2"
          },
          "private": "eyJlMmJmYjczMC1lY2FhLTExZTYtOGY4OC0zNDM2M2JjN2M0YzAiOnsiY3JlYXRlIjoxMjAwMDAwMDAwMDAwLCJkZWxldGUiOjEyMDAwMDAwMDAwMDAsInVwZGF0ZSI6MTIwMDAwMDAwMDAwMH19",
          "dependencies": [
            "module.network.aws_vpc.main"
          ]
        }
      ]
    },
    {
      "module": "module.network",
      "mode": "managed",
      "type": "aws_route_table",
      "name": "public",
      "provider": "provider[\"registry.terraform.io/hashicorp/aws\"]",
      "instances": [
        {
          "schema_version": 0,
          "attributes": {
            "arn": "arn:aws:ec2:ap-northeast-2:946775837287:route-table/rtb-0d5fc2f5e24311612",
            "id": "rtb-0d5fc2f5e24311612",
            "owner_id": "946775837287",
            "propagating_vgws": [],
            "region": "ap-northeast-2",
            "route": [
              {
                "carrier_gateway_id": "",
                "cidr_block": "0.0.0.0/0",
                "core_network_arn": "",
                "destination_prefix_list_id": "",
                "egress_only_gateway_id": "",
                "gateway_id": "igw-007c042fc0b5b28be",
                "ipv6_cidr_block": "",
                "local_gateway_id": "",
                "nat_gateway_id": "",
                "network_interface_id": "",
                "odb_network_arn": "",
                "transit_gateway_id": "",
                "vpc_endpoint_id": "",
                "vpc_peering_connection_id": ""
              }
            ],
            "tags": {
              "Name": "rt-azsis-kbeauty-dr-public"
            },
            "tags_all": {
              "Name": "rt-azsis-kbeauty-dr-public"
            },
            "timeouts": null,
            "vpc_id": "vpc-09ef4d559a1b83d87"
          },
          "sensitive_attributes": [],
          "identity_schema_version": 0,
          "identity": {
            "account_id": "946775837287",
            "id": "rtb-0d5fc2f5e24311612",
            "region": "ap-northeast-2"
          },
          "private": "eyJlMmJmYjczMC1lY2FhLTExZTYtOGY4OC0zNDM2M2JjN2M0YzAiOnsiY3JlYXRlIjozMDAwMDAwMDAwMDAsImRlbGV0ZSI6MzAwMDAwMDAwMDAwLCJ1cGRhdGUiOjEyMDAwMDAwMDAwMH19",
          "dependencies": [
            "module.network.aws_internet_gateway.main",
            "module.network.aws_vpc.main"
          ]
        }
      ]
    },
    {
      "module": "module.network",
      "mode": "managed",
      "type": "aws_subnet",
      "name": "eks",
      "provider": "provider[\"registry.terraform.io/hashicorp/aws\"]",
      "instances": [
        {
          "index_key": 0,
          "schema_version": 1,
          "attributes": {
            "arn": "arn:aws:ec2:ap-northeast-2:946775837287:subnet/subnet-09e444c9b5746a974",
            "assign_ipv6_address_on_creation": false,
            "availability_zone": "ap-northeast-2a",
            "availability_zone_id": "apne2-az1",
            "cidr_block": "192.0.1.0/24",
            "customer_owned_ipv4_pool": "",
            "enable_dns64": false,
            "enable_lni_at_device_index": 0,
            "enable_resource_name_dns_a_record_on_launch": false,
            "enable_resource_name_dns_aaaa_record_on_launch": false,
            "id": "subnet-09e444c9b5746a974",
            "ipv4_ipam_pool_id": null,
            "ipv4_netmask_length": null,
            "ipv6_cidr_block": "",
            "ipv6_cidr_block_association_id": "",
            "ipv6_ipam_pool_id": null,
            "ipv6_native": false,
            "ipv6_netmask_length": null,
            "map_customer_owned_ip_on_launch": false,
            "map_public_ip_on_launch": false,
            "outpost_arn": "",
            "owner_id": "946775837287",
            "private_dns_hostname_type_on_launch": "ip-name",
            "region": "ap-northeast-2",
            "tags": {
              "Name": "subnet-azsis-kbeauty-dr-eks-1"
            },
            "tags_all": {
              "Name": "subnet-azsis-kbeauty-dr-eks-1"
            },
            "timeouts": null,
            "vpc_id": "vpc-09ef4d559a1b83d87"
          },
          "sensitive_attributes": [],
          "identity_schema_version": 0,
          "identity": {
            "account_id": "946775837287",
            "id": "subnet-09e444c9b5746a974",
            "region": "ap-northeast-2"
          },
          "private": "eyJlMmJmYjczMC1lY2FhLTExZTYtOGY4OC0zNDM2M2JjN2M0YzAiOnsiY3JlYXRlIjo2MDAwMDAwMDAwMDAsImRlbGV0ZSI6MTIwMDAwMDAwMDAwMH0sInNjaGVtYV92ZXJzaW9uIjoiMSJ9",
          "dependencies": [
            "module.network.aws_vpc.main"
          ]
        },
        {
          "index_key": 1,
          "schema_version": 1,
          "attributes": {
            "arn": "arn:aws:ec2:ap-northeast-2:946775837287:subnet/subnet-00be4e57452c4a49f",
            "assign_ipv6_address_on_creation": false,
            "availability_zone": "ap-northeast-2c",
            "availability_zone_id": "apne2-az3",
            "cidr_block": "192.0.2.0/24",
            "customer_owned_ipv4_pool": "",
            "enable_dns64": false,
            "enable_lni_at_device_index": 0,
            "enable_resource_name_dns_a_record_on_launch": false,
            "enable_resource_name_dns_aaaa_record_on_launch": false,
            "id": "subnet-00be4e57452c4a49f",
            "ipv4_ipam_pool_id": null,
            "ipv4_netmask_length": null,
            "ipv6_cidr_block": "",
            "ipv6_cidr_block_association_id": "",
            "ipv6_ipam_pool_id": null,
            "ipv6_native": false,
            "ipv6_netmask_length": null,
            "map_customer_owned_ip_on_launch": false,
            "map_public_ip_on_launch": false,
            "outpost_arn": "",
            "owner_id": "946775837287",
            "private_dns_hostname_type_on_launch": "ip-name",
            "region": "ap-northeast-2",
            "tags": {
              "Name": "subnet-azsis-kbeauty-dr-eks-2"
            },
            "tags_all": {
              "Name": "subnet-azsis-kbeauty-dr-eks-2"
            },
            "timeouts": null,
            "vpc_id": "vpc-09ef4d559a1b83d87"
          },
          "sensitive_attributes": [],
          "identity_schema_version": 0,
          "identity": {
            "account_id": "946775837287",
            "id": "subnet-00be4e57452c4a49f",
            "region": "ap-northeast-2"
          },
          "private": "eyJlMmJmYjczMC1lY2FhLTExZTYtOGY4OC0zNDM2M2JjN2M0YzAiOnsiY3JlYXRlIjo2MDAwMDAwMDAwMDAsImRlbGV0ZSI6MTIwMDAwMDAwMDAwMH0sInNjaGVtYV92ZXJzaW9uIjoiMSJ9",
          "dependencies": [
            "module.network.aws_vpc.main"
          ]
        }
      ]
    },
    {
      "module": "module.network",
      "mode": "managed",
      "type": "aws_subnet",
      "name": "rds",
      "provider": "provider[\"registry.terraform.io/hashicorp/aws\"]",
      "instances": [
        {
          "index_key": 0,
          "schema_version": 1,
          "attributes": {
            "arn": "arn:aws:ec2:ap-northeast-2:946775837287:subnet/subnet-01da0111fac757ad3",
            "assign_ipv6_address_on_creation": false,
            "availability_zone": "ap-northeast-2a",
            "availability_zone_id": "apne2-az1",
            "cidr_block": "192.0.11.0/24",
            "customer_owned_ipv4_pool": "",
            "enable_dns64": false,
            "enable_lni_at_device_index": 0,
            "enable_resource_name_dns_a_record_on_launch": false,
            "enable_resource_name_dns_aaaa_record_on_launch": false,
            "id": "subnet-01da0111fac757ad3",
            "ipv4_ipam_pool_id": null,
            "ipv4_netmask_length": null,
            "ipv6_cidr_block": "",
            "ipv6_cidr_block_association_id": "",
            "ipv6_ipam_pool_id": null,
            "ipv6_native": false,
            "ipv6_netmask_length": null,
            "map_customer_owned_ip_on_launch": false,
            "map_public_ip_on_launch": false,
            "outpost_arn": "",
            "owner_id": "946775837287",
            "private_dns_hostname_type_on_launch": "ip-name",
            "region": "ap-northeast-2",
            "tags": {
              "Name": "subnet-azsis-kbeauty-dr-rds-1"
            },
            "tags_all": {
              "Name": "subnet-azsis-kbeauty-dr-rds-1"
            },
            "timeouts": null,
            "vpc_id": "vpc-09ef4d559a1b83d87"
          },
          "sensitive_attributes": [],
          "identity_schema_version": 0,
          "identity": {
            "account_id": "946775837287",
            "id": "subnet-01da0111fac757ad3",
            "region": "ap-northeast-2"
          },
          "private": "eyJlMmJmYjczMC1lY2FhLTExZTYtOGY4OC0zNDM2M2JjN2M0YzAiOnsiY3JlYXRlIjo2MDAwMDAwMDAwMDAsImRlbGV0ZSI6MTIwMDAwMDAwMDAwMH0sInNjaGVtYV92ZXJzaW9uIjoiMSJ9",
          "dependencies": [
            "module.network.aws_vpc.main"
          ]
        },
        {
          "index_key": 1,
          "schema_version": 1,
          "attributes": {
            "arn": "arn:aws:ec2:ap-northeast-2:946775837287:subnet/subnet-0aa03b24cf6a0ffdc",
            "assign_ipv6_address_on_creation": false,
            "availability_zone": "ap-northeast-2c",
            "availability_zone_id": "apne2-az3",
            "cidr_block": "192.0.12.0/24",
            "customer_owned_ipv4_pool": "",
            "enable_dns64": false,
            "enable_lni_at_device_index": 0,
            "enable_resource_name_dns_a_record_on_launch": false,
            "enable_resource_name_dns_aaaa_record_on_launch": false,
            "id": "subnet-0aa03b24cf6a0ffdc",
            "ipv4_ipam_pool_id": null,
            "ipv4_netmask_length": null,
            "ipv6_cidr_block": "",
            "ipv6_cidr_block_association_id": "",
            "ipv6_ipam_pool_id": null,
            "ipv6_native": false,
            "ipv6_netmask_length": null,
            "map_customer_owned_ip_on_launch": false,
            "map_public_ip_on_launch": false,
            "outpost_arn": "",
            "owner_id": "946775837287",
            "private_dns_hostname_type_on_launch": "ip-name",
            "region": "ap-northeast-2",
            "tags": {
              "Name": "subnet-azsis-kbeauty-dr-rds-2"
            },
            "tags_all": {
              "Name": "subnet-azsis-kbeauty-dr-rds-2"
            },
            "timeouts": null,
            "vpc_id": "vpc-09ef4d559a1b83d87"
          },
          "sensitive_attributes": [],
          "identity_schema_version": 0,
          "identity": {
            "account_id": "946775837287",
            "id": "subnet-0aa03b24cf6a0ffdc",
            "region": "ap-northeast-2"
          },
          "private": "eyJlMmJmYjczMC1lY2FhLTExZTYtOGY4OC0zNDM2M2JjN2M0YzAiOnsiY3JlYXRlIjo2MDAwMDAwMDAwMDAsImRlbGV0ZSI6MTIwMDAwMDAwMDAwMH0sInNjaGVtYV92ZXJzaW9uIjoiMSJ9",
          "dependencies": [
            "module.network.aws_vpc.main"
          ]
        }
      ]
    },
    {
      "module": "module.network",
      "mode": "managed",
      "type": "aws_vpc",
      "name": "main",
      "provider": "provider[\"registry.terraform.io/hashicorp/aws\"]",
      "instances": [
        {
          "schema_version": 1,
          "attributes": {
            "arn": "arn:aws:ec2:ap-northeast-2:946775837287:vpc/vpc-09ef4d559a1b83d87",
            "assign_generated_ipv6_cidr_block": false,
            "cidr_block": "192.0.0.0/16",
            "default_network_acl_id": "acl-0917a25486ff2a6ed",
            "default_route_table_id": "rtb-00ddb952d5fa3a35b",
            "default_security_group_id": "sg-00d3f73f17dd7f436",
            "dhcp_options_id": "dopt-0563a59ca5e84e1c8",
            "enable_dns_hostnames": true,
            "enable_dns_support": true,
            "enable_network_address_usage_metrics": false,
            "id": "vpc-09ef4d559a1b83d87",
            "instance_tenancy": "default",
            "ipv4_ipam_pool_id": null,
            "ipv4_netmask_length": null,
            "ipv6_association_id": "",
            "ipv6_cidr_block": "",
            "ipv6_cidr_block_network_border_group": "",
            "ipv6_ipam_pool_id": "",
            "ipv6_netmask_length": 0,
            "main_route_table_id": "rtb-00ddb952d5fa3a35b",
            "owner_id": "946775837287",
            "region": "ap-northeast-2",
            "tags": {
              "Name": "vpc-azsis-kbeauty-dr"
            },
            "tags_all": {
              "Name": "vpc-azsis-kbeauty-dr"
            }
          },
          "sensitive_attributes": [],
          "identity_schema_version": 0,
          "identity": {
            "account_id": "946775837287",
            "id": "vpc-09ef4d559a1b83d87",
            "region": "ap-northeast-2"
          },
          "private": "eyJzY2hlbWFfdmVyc2lvbiI6IjEifQ=="
        }
      ]
    },
    {
      "module": "module.rds",
      "mode": "managed",
      "type": "aws_db_instance",
      "name": "main",
      "provider": "provider[\"registry.terraform.io/hashicorp/aws\"]",
      "instances": [
        {
          "schema_version": 2,
          "attributes": {
            "address": "mysql-azsis-kbeauty-dr.crone748rvgl.ap-northeast-2.rds.amazonaws.com",
            "allocated_storage": 20,
            "allow_major_version_upgrade": null,
            "apply_immediately": false,
            "arn": "arn:aws:rds:ap-northeast-2:946775837287:db:mysql-azsis-kbeauty-dr",
            "auto_minor_version_upgrade": true,
            "availability_zone": "ap-northeast-2c",
            "backup_retention_period": 0,
            "backup_target": "region",
            "backup_window": "15:53-16:23",
            "blue_green_update": [],
            "ca_cert_identifier": "rds-ca-rsa2048-g1",
            "character_set_name": "",
            "copy_tags_to_snapshot": false,
            "custom_iam_instance_profile": "",
            "customer_owned_ip_enabled": false,
            "database_insights_mode": "standard",
            "db_name": "kbeauty",
            "db_subnet_group_name": "subnetgroup-azsis-kbeauty-dr",
            "dedicated_log_volume": false,
            "delete_automated_backups": true,
            "deletion_protection": false,
            "domain": "",
            "domain_auth_secret_arn": "",
            "domain_dns_ips": [],
            "domain_fqdn": "",
            "domain_iam_role_name": "",
            "domain_ou": "",
            "enabled_cloudwatch_logs_exports": [],
            "endpoint": "mysql-azsis-kbeauty-dr.crone748rvgl.ap-northeast-2.rds.amazonaws.com:3306",
            "engine": "mysql",
            "engine_lifecycle_support": "open-source-rds-extended-support",
            "engine_version": "8.0",
            "engine_version_actual": "8.0.45",
            "final_snapshot_identifier": null,
            "hosted_zone_id": "ZLA2NUCOLGUUR",
            "iam_database_authentication_enabled": false,
            "id": "db-LRFBDGDQGDR7JICARIBT4ISUKE",
            "identifier": "mysql-azsis-kbeauty-dr",
            "identifier_prefix": "",
            "instance_class": "db.t3.micro",
            "iops": 0,
            "kms_key_id": "",
            "latest_restorable_time": "",
            "license_model": "general-public-license",
            "listener_endpoint": [],
            "maintenance_window": "mon:19:42-mon:20:12",
            "manage_master_user_password": null,
            "master_user_secret": [],
            "master_user_secret_kms_key_id": null,
            "max_allocated_storage": 0,
            "monitoring_interval": 0,
            "monitoring_role_arn": "",
            "multi_az": false,
            "nchar_character_set_name": "",
            "network_type": "IPV4",
            "option_group_name": "default:mysql-8-0",
            "parameter_group_name": "default.mysql8.0",
            "password": "kbeauty123!",
            "password_wo": null,
            "password_wo_version": null,
            "performance_insights_enabled": false,
            "performance_insights_kms_key_id": "",
            "performance_insights_retention_period": 0,
            "port": 3306,
            "publicly_accessible": false,
            "region": "ap-northeast-2",
            "replica_mode": "",
            "replicas": [],
            "replicate_source_db": "",
            "resource_id": "db-LRFBDGDQGDR7JICARIBT4ISUKE",
            "restore_to_point_in_time": [],
            "s3_import": [],
            "skip_final_snapshot": true,
            "snapshot_identifier": null,
            "status": "available",
            "storage_encrypted": false,
            "storage_throughput": 0,
            "storage_type": "gp2",
            "tags": {
              "Name": "mysql-azsis-kbeauty-dr"
            },
            "tags_all": {
              "Name": "mysql-azsis-kbeauty-dr"
            },
            "timeouts": null,
            "timezone": "",
            "upgrade_rollout_order": "second",
            "upgrade_storage_config": null,
            "username": "azsis",
            "vpc_security_group_ids": [
              "sg-029f718ed69f34dc4"
            ]
          },
          "sensitive_attributes": [
            [
              {
                "type": "get_attr",
                "value": "password"
              }
            ],
            [
              {
                "type": "get_attr",
                "value": "password_wo"
              }
            ]
          ],
          "identity_schema_version": 0,
          "private": "eyJlMmJmYjczMC1lY2FhLTExZTYtOGY4OC0zNDM2M2JjN2M0YzAiOnsiY3JlYXRlIjozMDAwMDAwMDAwMDAwLCJkZWxldGUiOjM2MDAwMDAwMDAwMDAsInVwZGF0ZSI6NDgwMDAwMDAwMDAwMH0sInNjaGVtYV92ZXJzaW9uIjoiMiJ9",
          "dependencies": [
            "module.network.aws_subnet.rds",
            "module.network.aws_vpc.main",
            "module.rds.aws_db_subnet_group.main",
            "module.security.aws_security_group.dms",
            "module.security.aws_security_group.rds"
          ]
        }
      ]
    },
    {
      "module": "module.rds",
      "mode": "managed",
      "type": "aws_db_subnet_group",
      "name": "main",
      "provider": "provider[\"registry.terraform.io/hashicorp/aws\"]",
      "instances": [
        {
          "schema_version": 0,
          "attributes": {
            "arn": "arn:aws:rds:ap-northeast-2:946775837287:subgrp:subnetgroup-azsis-kbeauty-dr",
            "description": "Managed by Terraform",
            "id": "subnetgroup-azsis-kbeauty-dr",
            "name": "subnetgroup-azsis-kbeauty-dr",
            "name_prefix": "",
            "region": "ap-northeast-2",
            "subnet_ids": [
              "subnet-01da0111fac757ad3",
              "subnet-0aa03b24cf6a0ffdc"
            ],
            "supported_network_types": [
              "IPV4"
            ],
            "tags": {
              "Name": "subnetgroup-azsis-kbeauty-dr"
            },
            "tags_all": {
              "Name": "subnetgroup-azsis-kbeauty-dr"
            },
            "vpc_id": "vpc-09ef4d559a1b83d87"
          },
          "sensitive_attributes": [],
          "identity_schema_version": 0,
          "identity": {
            "account_id": "946775837287",
            "name": "subnetgroup-azsis-kbeauty-dr",
            "region": "ap-northeast-2"
          },
          "private": "bnVsbA==",
          "dependencies": [
            "module.network.aws_subnet.rds",
            "module.network.aws_vpc.main"
          ]
        }
      ]
    },
    {
      "module": "module.security",
      "mode": "managed",
      "type": "aws_security_group",
      "name": "dms",
      "provider": "provider[\"registry.terraform.io/hashicorp/aws\"]",
      "instances": [
        {
          "schema_version": 1,
          "attributes": {
            "arn": "arn:aws:ec2:ap-northeast-2:946775837287:security-group/sg-0cd613991c4f5a378",
            "description": "Managed by Terraform",
            "egress": [
              {
                "cidr_blocks": [
                  "0.0.0.0/0"
                ],
                "description": "",
                "from_port": 0,
                "ipv6_cidr_blocks": [],
                "prefix_list_ids": [],
                "protocol": "-1",
                "security_groups": [],
                "self": false,
                "to_port": 0
              }
            ],
            "id": "sg-0cd613991c4f5a378",
            "ingress": [],
            "name": "nsg-azsis-kbeauty-dr-dms",
            "name_prefix": "",
            "owner_id": "946775837287",
            "region": "ap-northeast-2",
            "revoke_rules_on_delete": false,
            "tags": {
              "Name": "nsg-azsis-kbeauty-dr-dms"
            },
            "tags_all": {
              "Name": "nsg-azsis-kbeauty-dr-dms"
            },
            "timeouts": null,
            "vpc_id": "vpc-09ef4d559a1b83d87"
          },
          "sensitive_attributes": [],
          "identity_schema_version": 0,
          "identity": {
            "account_id": "946775837287",
            "id": "sg-0cd613991c4f5a378",
            "region": "ap-northeast-2"
          },
          "private": "eyJlMmJmYjczMC1lY2FhLTExZTYtOGY4OC0zNDM2M2JjN2M0YzAiOnsiY3JlYXRlIjo2MDAwMDAwMDAwMDAsImRlbGV0ZSI6OTAwMDAwMDAwMDAwfSwic2NoZW1hX3ZlcnNpb24iOiIxIn0=",
          "dependencies": [
            "module.network.aws_vpc.main"
          ]
        }
      ]
    },
    {
      "module": "module.security",
      "mode": "managed",
      "type": "aws_security_group",
      "name": "rds",
      "provider": "provider[\"registry.terraform.io/hashicorp/aws\"]",
      "instances": [
        {
          "schema_version": 1,
          "attributes": {
            "arn": "arn:aws:ec2:ap-northeast-2:946775837287:security-group/sg-029f718ed69f34dc4",
            "description": "Managed by Terraform",
            "egress": [
              {
                "cidr_blocks": [
                  "0.0.0.0/0"
                ],
                "description": "",
                "from_port": 0,
                "ipv6_cidr_blocks": [],
                "prefix_list_ids": [],
                "protocol": "-1",
                "security_groups": [],
                "self": false,
                "to_port": 0
              }
            ],
            "id": "sg-029f718ed69f34dc4",
            "ingress": [
              {
                "cidr_blocks": [],
                "description": "MySQL from DMS",
                "from_port": 3306,
                "ipv6_cidr_blocks": [],
                "prefix_list_ids": [],
                "protocol": "tcp",
                "security_groups": [
                  "sg-0cd613991c4f5a378"
                ],
                "self": false,
                "to_port": 3306
              }
            ],
            "name": "nsg-azsis-kbeauty-dr-rds",
            "name_prefix": "",
            "owner_id": "946775837287",
            "region": "ap-northeast-2",
            "revoke_rules_on_delete": false,
            "tags": {
              "Name": "nsg-azsis-kbeauty-dr-rds"
            },
            "tags_all": {
              "Name": "nsg-azsis-kbeauty-dr-rds"
            },
            "timeouts": null,
            "vpc_id": "vpc-09ef4d559a1b83d87"
          },
          "sensitive_attributes": [],
          "identity_schema_version": 0,
          "identity": {
            "account_id": "946775837287",
            "id": "sg-029f718ed69f34dc4",
            "region": "ap-northeast-2"
          },
          "private": "eyJlMmJmYjczMC1lY2FhLTExZTYtOGY4OC0zNDM2M2JjN2M0YzAiOnsiY3JlYXRlIjo2MDAwMDAwMDAwMDAsImRlbGV0ZSI6OTAwMDAwMDAwMDAwfSwic2NoZW1hX3ZlcnNpb24iOiIxIn0=",
          "dependencies": [
            "module.network.aws_vpc.main",
            "module.security.aws_security_group.dms"
          ]
        }
      ]
    }
  ],
  "check_results": null
}
